
Microsoft Visual Studio Solution File, Format Version 12.00
# Visual Studio Version 16
VisualStudioVersion = 16.0.30611.23
MinimumVisualStudioVersion = 10.0.40219.1
Project("{8BC9CEB8-8B4A-11D0-8D11-00A0C91BC942}") = "ProgramStructure", "ProgramStructure.vcxproj", "{FFEDC69F-B375-4DAF-B231-BDB99914EBBA}"
EndProject
Global
	GlobalSection(SolutionConfigurationPlatforms) = preSolution
		Debug|x64 = Debug|x64
		Debug|x86 = Debug|x86
		Release|x64 = Release|x64
		Release|x86 = Release|x86
	EndGlobalSection
	GlobalSection(ProjectConfigurationPlatforms) = postSolution
		{FFEDC69F-B375-4DAF-B231-BDB99914EBBA}.Debug|x64.ActiveCfg = Debug|x64
		{FFEDC69F-B375-4DAF-B231-BDB99914EBBA}.Debug|x64.Build.0 = Debug|x64
		{FFEDC69F-B375-4DAF-B231-BDB99914EBBA}.Debug|x86.ActiveCfg = Debug|Win32
		{FFEDC69F-B375-4DAF-B231-BDB99914EBBA}.Debug|x86.Build.0 = Debug|Win32
		{FFEDC69F-B375-4DAF-B231-BDB99914EBBA}.Release|x64.ActiveCfg = Release|x64
		{FFEDC69F-B375-4DAF-B231-BDB99914EBBA}.Release|x64.Build.0 = Release|x64
		{FFEDC69F-B375-4DAF-B231-BDB99914EBBA}.Release|x86.ActiveCfg = Release|Win32
		{FFEDC69F-B375-4DAF-B231-BDB99914EBBA}.Release|x86.Build.0 = Release|Win32
	EndGlobalSection
	GlobalSection(SolutionProperties) = preSolution
		HideSolutionNode = FALSE
	EndGlobalSection
	GlobalSection(ExtensibilityGlobals) = postSolution
		SolutionGuid = {E9363D80-24A7-46F8-965B-48C56758B1FA}
	EndGlobalSection
EndGlobal
